{
    "_readme": [
        "This file locks the dependencies of your project to a known state",
        "Read more about it at https://getcomposer.org/doc/01-basic-usage.md#installing-dependencies",
        "This file is @generated automatically"
    ],
    "content-hash": "540d9caf672d252e9110d59257624076",
    "packages": [
        {
            "name": "eru123/router",
            "version": "0.2.1",
            "source": {
                "type": "git",
                "url": "https://github.com/eru123/php-router.git",
                "reference": "0f0b0f646610522c2661378d29d2c14d6eb6caf4"
            },
            "dist": {
                "type": "zip",
                "url": "https://api.github.com/repos/eru123/php-router/zipball/0f0b0f646610522c2661378d29d2c14d6eb6caf4",
                "reference": "0f0b0f646610522c2661378d29d2c14d6eb6caf4",
                "shasum": ""
            },
            "type": "library",
            "autoload": {
                "psr-4": {
                    "eru123\\router\\": "src/"
                }
            },
            "notification-url": "https://packagist.org/downloads/",
            "license": [
                "Apache-2.0"
            ],
            "authors": [
                {
                    "name": "eru123",
                    "email": "39824083+eru123@users.noreply.github.com"
                }
            ],
            "description": "A PHP Library for handling Routes using a Parent-Child Model",
            "support": {
                "issues": "https://github.com/eru123/php-router/issues",
                "source": "https://github.com/eru123/php-router/tree/0.2.1"
            },
            "time": "2023-03-29T09:21:10+00:00"
        }
    ],
    "packages-dev": [],
    "aliases": [],
    "minimum-stability": "stable",
    "stability-flags": [],
    "prefer-stable": false,
    "prefer-lowest": false,
    "platform": [],
    "platform-dev": [],
    "plugin-api-version": "2.2.0"
}
